// !$*UTF8*$!
{
	archiveVersion = 1;
	classes = {
	};
	objectVersion = 46;
	objects = {

/* Begin PBXBuildFile section */
		333316D41A46F7780016C74B /* main.cpp in Sources */ = {isa = PBXBuildFile; fileRef = 333316D31A46F7780016C74B /* main.cpp */; };
		333316DE1A4718750016C74B /* libopencv_ml.2.4.10.dylib in Frameworks */ = {isa = PBXBuildFile; fileRef = 333316DA1A4718750016C74B /* libopencv_ml.2.4.10.dylib */; };
		333316DF1A4718750016C74B /* libopencv_highgui.2.4.10.dylib in Frameworks */ = {isa = PBXBuildFile; fileRef = 333316DB1A4718750016C74B /* libopencv_highgui.2.4.10.dylib */; };
		333316E01A4718750016C74B /* libopencv_imgproc.2.4.10.dylib in Frameworks */ = {isa = PBXBuildFile; fileRef = 333316DC1A4718750016C74B /* libopencv_imgproc.2.4.10.dylib */; };
		333316E11A4718750016C74B /* libopencv_core.2.4.10.dylib in Frameworks */ = {isa = PBXBuildFile; fileRef = 333316DD1A4718750016C74B /* libopencv_core.2.4.10.dylib */; };
		333316E31A471D050016C74B /* libopencv_objdetect.2.4.10.dylib in Frameworks */ = {isa = PBXBuildFile; fileRef = 333316E21A471D050016C74B /* libopencv_objdetect.2.4.10.dylib */; };
		333316E61A485F490016C74B /* libopencv_legacy.2.4.10.dylib in Frameworks */ = {isa = PBXBuildFile; fileRef = 333316E51A485F490016C74B /* libopencv_legacy.2.4.10.dylib */; };
		333316ED1A499EC70016C74B /* handGesture.cpp in Sources */ = {isa = PBXBuildFile; fileRef = 333316E71A499EC70016C74B /* handGesture.cpp */; };
		333316EE1A499EC70016C74B /* myImage.cpp in Sources */ = {isa = PBXBuildFile; fileRef = 333316E91A499EC70016C74B /* myImage.cpp */; };
		333316EF1A499EC70016C74B /* roi.cpp in Sources */ = {isa = PBXBuildFile; fileRef = 333316EB1A499EC70016C74B /* roi.cpp */; };
		33D47F9A1AD11D7C00694AE1 /* test4.cpp in Sources */ = {isa = PBXBuildFile; fileRef = 33D47F981AD11D7C00694AE1 /* test4.cpp */; };
		33D47F9D1AD11F9900694AE1 /* test3.cpp in Sources */ = {isa = PBXBuildFile; fileRef = 33D47F9B1AD11F9900694AE1 /* test3.cpp */; };
		33D47FA01AD1203A00694AE1 /* test2.cpp in Sources */ = {isa = PBXBuildFile; fileRef = 33D47F9E1AD1203A00694AE1 /* test2.cpp */; };
		33D47FA91AD1454D00694AE1 /* mymain.cpp in Sources */ = {isa = PBXBuildFile; fileRef = 33D47FA11AD1454D00694AE1 /* mymain.cpp */; };
		33D47FAA1AD1454D00694AE1 /* CommonCPPMath.cpp in Sources */ = {isa = PBXBuildFile; fileRef = 33D47FA41AD1454D00694AE1 /* CommonCPPMath.cpp */; };
		33D47FAB1AD1454D00694AE1 /* CommonMath.c in Sources */ = {isa = PBXBuildFile; fileRef = 33D47FA51AD1454D00694AE1 /* CommonMath.c */; };
		33D47FAE1AD1466800694AE1 /* testFromiOS.cpp in Sources */ = {isa = PBXBuildFile; fileRef = 33D47FAC1AD1466800694AE1 /* testFromiOS.cpp */; };
/* End PBXBuildFile section */

/* Begin PBXCopyFilesBuildPhase section */
		333316CE1A46F7780016C74B /* CopyFiles */ = {
			isa = PBXCopyFilesBuildPhase;
			buildActionMask = 2147483647;
			dstPath = /usr/share/man/man1/;
			dstSubfolderSpec = 0;
			files = (
			);
			runOnlyForDeploymentPostprocessing = 1;
		};
/* End PBXCopyFilesBuildPhase section */

/* Begin PBXFileReference section */
		333316D01A46F7780016C74B /* firstHand */ = {isa = PBXFileReference; explicitFileType = "compiled.mach-o.executable"; includeInIndex = 0; path = firstHand; sourceTree = BUILT_PRODUCTS_DIR; };
		333316D31A46F7780016C74B /* main.cpp */ = {isa = PBXFileReference; lastKnownFileType = sourcecode.cpp.cpp; path = main.cpp; sourceTree = "<group>"; };
		333316DA1A4718750016C74B /* libopencv_ml.2.4.10.dylib */ = {isa = PBXFileReference; lastKnownFileType = "compiled.mach-o.dylib"; path = libopencv_ml.2.4.10.dylib; sourceTree = "<group>"; };
		333316DB1A4718750016C74B /* libopencv_highgui.2.4.10.dylib */ = {isa = PBXFileReference; lastKnownFileType = "compiled.mach-o.dylib"; path = libopencv_highgui.2.4.10.dylib; sourceTree = "<group>"; };
		333316DC1A4718750016C74B /* libopencv_imgproc.2.4.10.dylib */ = {isa = PBXFileReference; lastKnownFileType = "compiled.mach-o.dylib"; path = libopencv_imgproc.2.4.10.dylib; sourceTree = "<group>"; };
		333316DD1A4718750016C74B /* libopencv_core.2.4.10.dylib */ = {isa = PBXFileReference; lastKnownFileType = "compiled.mach-o.dylib"; path = libopencv_core.2.4.10.dylib; sourceTree = "<group>"; };
		333316E21A471D050016C74B /* libopencv_objdetect.2.4.10.dylib */ = {isa = PBXFileReference; lastKnownFileType = "compiled.mach-o.dylib"; path = libopencv_objdetect.2.4.10.dylib; sourceTree = "<group>"; };
		333316E41A471D410016C74B /* palm.xml */ = {isa = PBXFileReference; fileEncoding = 4; lastKnownFileType = text.xml; path = palm.xml; sourceTree = "<group>"; };
		333316E51A485F490016C74B /* libopencv_legacy.2.4.10.dylib */ = {isa = PBXFileReference; lastKnownFileType = "compiled.mach-o.dylib"; path = libopencv_legacy.2.4.10.dylib; sourceTree = "<group>"; };
		333316E71A499EC70016C74B /* handGesture.cpp */ = {isa = PBXFileReference; fileEncoding = 4; lastKnownFileType = sourcecode.cpp.cpp; path = handGesture.cpp; sourceTree = "<group>"; };
		333316E81A499EC70016C74B /* handGesture.hpp */ = {isa = PBXFileReference; fileEncoding = 4; lastKnownFileType = sourcecode.cpp.h; path = handGesture.hpp; sourceTree = "<group>"; };
		333316E91A499EC70016C74B /* myImage.cpp */ = {isa = PBXFileReference; fileEncoding = 4; lastKnownFileType = sourcecode.cpp.cpp; path = myImage.cpp; sourceTree = "<group>"; };
		333316EA1A499EC70016C74B /* myImage.hpp */ = {isa = PBXFileReference; fileEncoding = 4; lastKnownFileType = sourcecode.cpp.h; path = myImage.hpp; sourceTree = "<group>"; };
		333316EB1A499EC70016C74B /* roi.cpp */ = {isa = PBXFileReference; fileEncoding = 4; lastKnownFileType = sourcecode.cpp.cpp; path = roi.cpp; sourceTree = "<group>"; };
		333316EC1A499EC70016C74B /* roi.hpp */ = {isa = PBXFileReference; fileEncoding = 4; lastKnownFileType = sourcecode.cpp.h; path = roi.hpp; sourceTree = "<group>"; };
		33D47F931AD11CAB00694AE1 /* MYIMG_ORI0.JPG */ = {isa = PBXFileReference; lastKnownFileType = image.jpeg; path = MYIMG_ORI0.JPG; sourceTree = "<group>"; };
		33D47F941AD11CAB00694AE1 /* MYIMG_ORI1.JPG */ = {isa = PBXFileReference; lastKnownFileType = image.jpeg; path = MYIMG_ORI1.JPG; sourceTree = "<group>"; };
		33D47F951AD11CAB00694AE1 /* MYIMG_ORI2.JPG */ = {isa = PBXFileReference; lastKnownFileType = image.jpeg; path = MYIMG_ORI2.JPG; sourceTree = "<group>"; };
		33D47F961AD11CAB00694AE1 /* MYIMG_ORI3.JPG */ = {isa = PBXFileReference; lastKnownFileType = image.jpeg; path = MYIMG_ORI3.JPG; sourceTree = "<group>"; };
		33D47F971AD11CAB00694AE1 /* MYIMG_ORI4.JPG */ = {isa = PBXFileReference; lastKnownFileType = image.jpeg; path = MYIMG_ORI4.JPG; sourceTree = "<group>"; };
		33D47F981AD11D7C00694AE1 /* test4.cpp */ = {isa = PBXFileReference; fileEncoding = 4; lastKnownFileType = sourcecode.cpp.cpp; path = test4.cpp; sourceTree = "<group>"; };
		33D47F991AD11D7C00694AE1 /* test4.h */ = {isa = PBXFileReference; fileEncoding = 4; lastKnownFileType = sourcecode.c.h; path = test4.h; sourceTree = "<group>"; };
		33D47F9B1AD11F9900694AE1 /* test3.cpp */ = {isa = PBXFileReference; fileEncoding = 4; lastKnownFileType = sourcecode.cpp.cpp; path = test3.cpp; sourceTree = "<group>"; };
		33D47F9C1AD11F9900694AE1 /* test3.h */ = {isa = PBXFileReference; fileEncoding = 4; lastKnownFileType = sourcecode.c.h; path = test3.h; sourceTree = "<group>"; };
		33D47F9E1AD1203A00694AE1 /* test2.cpp */ = {isa = PBXFileReference; fileEncoding = 4; lastKnownFileType = sourcecode.cpp.cpp; path = test2.cpp; sourceTree = "<group>"; };
		33D47F9F1AD1203A00694AE1 /* test2.h */ = {isa = PBXFileReference; fileEncoding = 4; lastKnownFileType = sourcecode.c.h; path = test2.h; sourceTree = "<group>"; };
		33D47FA11AD1454D00694AE1 /* mymain.cpp */ = {isa = PBXFileReference; fileEncoding = 4; lastKnownFileType = sourcecode.cpp.cpp; path = mymain.cpp; sourceTree = "<group>"; };
		33D47FA21AD1454D00694AE1 /* CommonConfig.h */ = {isa = PBXFileReference; fileEncoding = 4; lastKnownFileType = sourcecode.c.h; path = CommonConfig.h; sourceTree = "<group>"; };
		33D47FA31AD1454D00694AE1 /* CommonCPPMath.h */ = {isa = PBXFileReference; fileEncoding = 4; lastKnownFileType = sourcecode.c.h; path = CommonCPPMath.h; sourceTree = "<group>"; };
		33D47FA41AD1454D00694AE1 /* CommonCPPMath.cpp */ = {isa = PBXFileReference; fileEncoding = 4; lastKnownFileType = sourcecode.cpp.cpp; path = CommonCPPMath.cpp; sourceTree = "<group>"; };
		33D47FA51AD1454D00694AE1 /* CommonMath.c */ = {isa = PBXFileReference; fileEncoding = 4; lastKnownFileType = sourcecode.c.c; path = CommonMath.c; sourceTree = "<group>"; };
		33D47FA61AD1454D00694AE1 /* CommonMath.h */ = {isa = PBXFileReference; fileEncoding = 4; lastKnownFileType = sourcecode.c.h; path = CommonMath.h; sourceTree = "<group>"; };
		33D47FA71AD1454D00694AE1 /* mymain.hpp */ = {isa = PBXFileReference; fileEncoding = 4; lastKnownFileType = sourcecode.cpp.h; path = mymain.hpp; sourceTree = "<group>"; };
		33D47FA81AD1454D00694AE1 /* main.h */ = {isa = PBXFileReference; fileEncoding = 4; lastKnownFileType = sourcecode.c.h; path = main.h; sourceTree = "<group>"; };
		33D47FAC1AD1466800694AE1 /* testFromiOS.cpp */ = {isa = PBXFileReference; fileEncoding = 4; lastKnownFileType = sourcecode.cpp.cpp; path = testFromiOS.cpp; sourceTree = "<group>"; };
		33D47FAD1AD1466800694AE1 /* testFromiOS.h */ = {isa = PBXFileReference; fileEncoding = 4; lastKnownFileType = sourcecode.c.h; path = testFromiOS.h; sourceTree = "<group>"; };
/* End PBXFileReference section */

/* Begin PBXFrameworksBuildPhase section */
		333316CD1A46F7780016C74B /* Frameworks */ = {
			isa = PBXFrameworksBuildPhase;
			buildActionMask = 2147483647;
			files = (
				333316E61A485F490016C74B /* libopencv_legacy.2.4.10.dylib in Frameworks */,
				333316E11A4718750016C74B /* libopencv_core.2.4.10.dylib in Frameworks */,
				333316DE1A4718750016C74B /* libopencv_ml.2.4.10.dylib in Frameworks */,
				333316DF1A4718750016C74B /* libopencv_highgui.2.4.10.dylib in Frameworks */,
				333316E01A4718750016C74B /* libopencv_imgproc.2.4.10.dylib in Frameworks */,
				333316E31A471D050016C74B /* libopencv_objdetect.2.4.10.dylib in Frameworks */,
			);
			runOnlyForDeploymentPostprocessing = 0;
		};
/* End PBXFrameworksBuildPhase section */

/* Begin PBXGroup section */
		333316C71A46F7780016C74B = {
			isa = PBXGroup;
			children = (
				333316E51A485F490016C74B /* libopencv_legacy.2.4.10.dylib */,
				333316E21A471D050016C74B /* libopencv_objdetect.2.4.10.dylib */,
				333316DA1A4718750016C74B /* libopencv_ml.2.4.10.dylib */,
				333316DB1A4718750016C74B /* libopencv_highgui.2.4.10.dylib */,
				333316DC1A4718750016C74B /* libopencv_imgproc.2.4.10.dylib */,
				333316DD1A4718750016C74B /* libopencv_core.2.4.10.dylib */,
				333316D21A46F7780016C74B /* firstHand */,
				333316D11A46F7780016C74B /* Products */,
			);
			sourceTree = "<group>";
		};
		333316D11A46F7780016C74B /* Products */ = {
			isa = PBXGroup;
			children = (
				333316D01A46F7780016C74B /* firstHand */,
			);
			name = Products;
			sourceTree = "<group>";
		};
		333316D21A46F7780016C74B /* firstHand */ = {
			isa = PBXGroup;
			children = (
				33D47FA11AD1454D00694AE1 /* mymain.cpp */,
				33D47FA21AD1454D00694AE1 /* CommonConfig.h */,
				33D47FA31AD1454D00694AE1 /* CommonCPPMath.h */,
				33D47FA41AD1454D00694AE1 /* CommonCPPMath.cpp */,
				33D47FA51AD1454D00694AE1 /* CommonMath.c */,
				33D47FA61AD1454D00694AE1 /* CommonMath.h */,
				33D47FA71AD1454D00694AE1 /* mymain.hpp */,
				33D47FA81AD1454D00694AE1 /* main.h */,
				33D47F921AD11CAB00694AE1 /* Resources */,
				333316E71A499EC70016C74B /* handGesture.cpp */,
				333316E81A499EC70016C74B /* handGesture.hpp */,
				333316E91A499EC70016C74B /* myImage.cpp */,
				333316EA1A499EC70016C74B /* myImage.hpp */,
				333316EB1A499EC70016C74B /* roi.cpp */,
				333316EC1A499EC70016C74B /* roi.hpp */,
				333316E41A471D410016C74B /* palm.xml */,
				333316D31A46F7780016C74B /* main.cpp */,
				33D47F981AD11D7C00694AE1 /* test4.cpp */,
				33D47F991AD11D7C00694AE1 /* test4.h */,
				33D47F9B1AD11F9900694AE1 /* test3.cpp */,
				33D47F9C1AD11F9900694AE1 /* test3.h */,
				33D47F9E1AD1203A00694AE1 /* test2.cpp */,
				33D47F9F1AD1203A00694AE1 /* test2.h */,
				33D47FAC1AD1466800694AE1 /* testFromiOS.cpp */,
				33D47FAD1AD1466800694AE1 /* testFromiOS.h */,
			);
			path = firstHand;
			sourceTree = "<group>";
		};
		33D47F921AD11CAB00694AE1 /* Resources */ = {
			isa = PBXGroup;
			children = (
				33D47F931AD11CAB00694AE1 /* MYIMG_ORI0.JPG */,
				33D47F941AD11CAB00694AE1 /* MYIMG_ORI1.JPG */,
				33D47F951AD11CAB00694AE1 /* MYIMG_ORI2.JPG */,
				33D47F961AD11CAB00694AE1 /* MYIMG_ORI3.JPG */,
				33D47F971AD11CAB00694AE1 /* MYIMG_ORI4.JPG */,
			);
			path = Resources;
			sourceTree = "<group>";
		};
/* End PBXGroup section */

/* Begin PBXNativeTarget section */
		333316CF1A46F7780016C74B /* firstHand */ = {
			isa = PBXNativeTarget;
			buildConfigurationList = 333316D71A46F7780016C74B /* Build configuration list for PBXNativeTarget "firstHand" */;
			buildPhases = (
				333316CC1A46F7780016C74B /* Sources */,
				333316CD1A46F7780016C74B /* Frameworks */,
				333316CE1A46F7780016C74B /* CopyFiles */,
			);
			buildRules = (
			);
			dependencies = (
			);
			name = firstHand;
			productName = firstHand;
			productReference = 333316D01A46F7780016C74B /* firstHand */;
			productType = "com.apple.product-type.tool";
		};
/* End PBXNativeTarget section */

/* Begin PBXProject section */
		333316C81A46F7780016C74B /* Project object */ = {
			isa = PBXProject;
			attributes = {
				LastUpgradeCheck = 0610;
				ORGANIZATIONNAME = NoName;
				TargetAttributes = {
					333316CF1A46F7780016C74B = {
						CreatedOnToolsVersion = 6.1.1;
					};
				};
			};
			buildConfigurationList = 333316CB1A46F7780016C74B /* Build configuration list for PBXProject "firstHand" */;
			compatibilityVersion = "Xcode 3.2";
			developmentRegion = English;
			hasScannedForEncodings = 0;
			knownRegions = (
				en,
			);
			mainGroup = 333316C71A46F7780016C74B;
			productRefGroup = 333316D11A46F7780016C74B /* Products */;
			projectDirPath = "";
			projectRoot = "";
			targets = (
				333316CF1A46F7780016C74B /* firstHand */,
			);
		};
/* End PBXProject section */

/* Begin PBXSourcesBuildPhase section */
		333316CC1A46F7780016C74B /* Sources */ = {
			isa = PBXSourcesBuildPhase;
			buildActionMask = 2147483647;
			files = (
				33D47F9A1AD11D7C00694AE1 /* test4.cpp in Sources */,
				333316EE1A499EC70016C74B /* myImage.cpp in Sources */,
				333316ED1A499EC70016C74B /* handGesture.cpp in Sources */,
				333316EF1A499EC70016C74B /* roi.cpp in Sources */,
				33D47FAB1AD1454D00694AE1 /* CommonMath.c in Sources */,
				33D47FAA1AD1454D00694AE1 /* CommonCPPMath.cpp in Sources */,
				333316D41A46F7780016C74B /* main.cpp in Sources */,
				33D47FAE1AD1466800694AE1 /* testFromiOS.cpp in Sources */,
				33D47F9D1AD11F9900694AE1 /* test3.cpp in Sources */,
				33D47FA91AD1454D00694AE1 /* mymain.cpp in Sources */,
				33D47FA01AD1203A00694AE1 /* test2.cpp in Sources */,
			);
			runOnlyForDeploymentPostprocessing = 0;
		};
/* End PBXSourcesBuildPhase section */

/* Begin XCBuildConfiguration section */
		333316D51A46F7780016C74B /* Debug */ = {
			isa = XCBuildConfiguration;
			buildSettings = {
				ALWAYS_SEARCH_USER_PATHS = NO;
				CLANG_CXX_LANGUAGE_STANDARD = "gnu++0x";
				CLANG_CXX_LIBRARY = "libc++";
				CLANG_ENABLE_MODULES = YES;
				CLANG_ENABLE_OBJC_ARC = YES;
				CLANG_WARN_BOOL_CONVERSION = YES;
				CLANG_WARN_CONSTANT_CONVERSION = YES;
				CLANG_WARN_DIRECT_OBJC_ISA_USAGE = YES_ERROR;
				CLANG_WARN_EMPTY_BODY = YES;
				CLANG_WARN_ENUM_CONVERSION = YES;
				CLANG_WARN_INT_CONVERSION = YES;
				CLANG_WARN_OBJC_ROOT_CLASS = YES_ERROR;
				CLANG_WARN_UNREACHABLE_CODE = YES;
				CLANG_WARN__DUPLICATE_METHOD_MATCH = YES;
				COPY_PHASE_STRIP = NO;
				ENABLE_STRICT_OBJC_MSGSEND = YES;
				GCC_C_LANGUAGE_STANDARD = gnu99;
				GCC_DYNAMIC_NO_PIC = NO;
				GCC_OPTIMIZATION_LEVEL = 0;
				GCC_PREPROCESSOR_DEFINITIONS = (
					"DEBUG=1",
					"$(inherited)",
				);
				GCC_SYMBOLS_PRIVATE_EXTERN = NO;
				GCC_WARN_64_TO_32_BIT_CONVERSION = YES;
				GCC_WARN_ABOUT_RETURN_TYPE = YES_ERROR;
				GCC_WARN_UNDECLARED_SELECTOR = YES;
				GCC_WARN_UNINITIALIZED_AUTOS = YES_AGGRESSIVE;
				GCC_WARN_UNUSED_FUNCTION = YES;
				GCC_WARN_UNUSED_VARIABLE = YES;
				MACOSX_DEPLOYMENT_TARGET = 10.10;
				MTL_ENABLE_DEBUG_INFO = YES;
				ONLY_ACTIVE_ARCH = YES;
				SDKROOT = macosx;
			};
			name = Debug;
		};
		333316D61A46F7780016C74B /* Release */ = {
			isa = XCBuildConfiguration;
			buildSettings = {
				ALWAYS_SEARCH_USER_PATHS = NO;
				CLANG_CXX_LANGUAGE_STANDARD = "gnu++0x";
				CLANG_CXX_LIBRARY = "libc++";
				CLANG_ENABLE_MODULES = YES;
				CLANG_ENABLE_OBJC_ARC = YES;
				CLANG_WARN_BOOL_CONVERSION = YES;
				CLANG_WARN_CONSTANT_CONVERSION = YES;
				CLANG_WARN_DIRECT_OBJC_ISA_USAGE = YES_ERROR;
				CLANG_WARN_EMPTY_BODY = YES;
				CLANG_WARN_ENUM_CONVERSION = YES;
				CLANG_WARN_INT_CONVERSION = YES;
				CLANG_WARN_OBJC_ROOT_CLASS = YES_ERROR;
				CLANG_WARN_UNREACHABLE_CODE = YES;
				CLANG_WARN__DUPLICATE_METHOD_MATCH = YES;
				COPY_PHASE_STRIP = YES;
				DEBUG_INFORMATION_FORMAT = "dwarf-with-dsym";
				ENABLE_NS_ASSERTIONS = NO;
				ENABLE_STRICT_OBJC_MSGSEND = YES;
				GCC_C_LANGUAGE_STANDARD = gnu99;
				GCC_WARN_64_TO_32_BIT_CONVERSION = YES;
				GCC_WARN_ABOUT_RETURN_TYPE = YES_ERROR;
				GCC_WARN_UNDECLARED_SELECTOR = YES;
				GCC_WARN_UNINITIALIZED_AUTOS = YES_AGGRESSIVE;
				GCC_WARN_UNUSED_FUNCTION = YES;
				GCC_WARN_UNUSED_VARIABLE = YES;
				MACOSX_DEPLOYMENT_TARGET = 10.10;
				MTL_ENABLE_DEBUG_INFO = NO;
				SDKROOT = macosx;
			};
			name = Release;
		};
		333316D81A46F7780016C74B /* Debug */ = {
			isa = XCBuildConfiguration;
			buildSettings = {
				HEADER_SEARCH_PATHS = (
					"$(inherited)",
					/Applications/Xcode.app/Contents/Developer/Toolchains/XcodeDefault.xctoolchain/usr/include,
					"/Users/sky/Downloads/opencv-2.4.10/include",
					"/Users/sky/Downloads/opencv-2.4.10/modules/core/include",
					"/Users/sky/Downloads/opencv-2.4.10/modules/imgproc/include",
					"/Users/sky/Downloads/opencv-2.4.10/modules/video/include",
					"/Users/sky/Downloads/opencv-2.4.10/modules/features2d/include/",
					"/Users/sky/Downloads/opencv-2.4.10/modules/**",
					"/Users/sky/Downloads/opencv-2.4.10/modules/objdetect/include",
				);
				LIBRARY_SEARCH_PATHS = (
					"$(inherited)",
					"$(PROJECT_DIR)",
					"/Users/sky/Downloads/opencv-2.4.10/release/lib/",
				);
				PRODUCT_NAME = "$(TARGET_NAME)";
			};
			name = Debug;
		};
		333316D91A46F7780016C74B /* Release */ = {
			isa = XCBuildConfiguration;
			buildSettings = {
				HEADER_SEARCH_PATHS = (
					"$(inherited)",
					/Applications/Xcode.app/Contents/Developer/Toolchains/XcodeDefault.xctoolchain/usr/include,
					"/Users/sky/Downloads/opencv-2.4.10/include",
					"/Users/sky/Downloads/opencv-2.4.10/modules/core/include",
					"/Users/sky/Downloads/opencv-2.4.10/modules/imgproc/include",
					"/Users/sky/Downloads/opencv-2.4.10/modules/video/include",
					"/Users/sky/Downloads/opencv-2.4.10/modules/features2d/include/",
					"/Users/sky/Downloads/opencv-2.4.10/modules/**",
					"/Users/sky/Downloads/opencv-2.4.10/modules/objdetect/include",
				);
				LIBRARY_SEARCH_PATHS = (
					"$(inherited)",
					"$(PROJECT_DIR)",
					"/Users/sky/Downloads/opencv-2.4.10/release/lib/",
				);
				PRODUCT_NAME = "$(TARGET_NAME)";
			};
			name = Release;
		};
/* End XCBuildConfiguration section */

/* Begin XCConfigurationList section */
		333316CB1A46F7780016C74B /* Build configuration list for PBXProject "firstHand" */ = {
			isa = XCConfigurationList;
			buildConfigurations = (
				333316D51A46F7780016C74B /* Debug */,
				333316D61A46F7780016C74B /* Release */,
			);
			defaultConfigurationIsVisible = 0;
			defaultConfigurationName = Release;
		};
		333316D71A46F7780016C74B /* Build configuration list for PBXNativeTarget "firstHand" */ = {
			isa = XCConfigurationList;
			buildConfigurations = (
				333316D81A46F7780016C74B /* Debug */,
				333316D91A46F7780016C74B /* Release */,
			);
			defaultConfigurationIsVisible = 0;
			defaultConfigurationName = Release;
		};
/* End XCConfigurationList section */
	};
	rootObject = 333316C81A46F7780016C74B /* Project object */;
}
